
Microsoft Visual Studio Solution File, Format Version 12.00
# Visual Studio Version 17
VisualStudioVersion = 17.6.33829.357
MinimumVisualStudioVersion = 10.0.40219.1
Project("{FAE04EC0-301F-11D3-BF4B-00C04F79EFBC}") = "Kalkulator", "Kalkulator\Kalkulator.csproj", "{D817B080-A224-413B-8A99-7188DF08BE72}"
EndProject
Global
	GlobalSection(SolutionConfigurationPlatforms) = preSolution
		Debug|Any CPU = Debug|Any CPU
		Release|Any CPU = Release|Any CPU
	EndGlobalSection
	GlobalSection(ProjectConfigurationPlatforms) = postSolution
		{D817B080-A224-413B-8A99-7188DF08BE72}.Debug|Any CPU.ActiveCfg = Debug|Any CPU
		{D817B080-A224-413B-8A99-7188DF08BE72}.Debug|Any CPU.Build.0 = Debug|Any CPU
		{D817B080-A224-413B-8A99-7188DF08BE72}.Release|Any CPU.ActiveCfg = Release|Any CPU
		{D817B080-A224-413B-8A99-7188DF08BE72}.Release|Any CPU.Build.0 = Release|Any CPU
	EndGlobalSection
	GlobalSection(SolutionProperties) = preSolution
		HideSolutionNode = FALSE
	EndGlobalSection
	GlobalSection(ExtensibilityGlobals) = postSolution
		SolutionGuid = {53299396-2CE2-45CB-8999-575506BEFD82}
	EndGlobalSection
EndGlobal
